{
  "name": "vue-mega-mobile-ui",
  "version": "1.0.1",
  "lockfileVersion": 1,
  "requires": true,
  "dependencies": {
    "detect-hover": {
      "version": "1.0.2",
      "resolved": "https://registry.npmjs.org/detect-hover/-/detect-hover-1.0.2.tgz",
      "integrity": "sha1-WJ+wtGkiCJep7uP6NqkX4e2jeiE="
    },
    "detect-it": {
      "version": "3.0.5",
      "resolved": "https://registry.npmjs.org/detect-it/-/detect-it-3.0.5.tgz",
      "integrity": "sha1-gWOWwP4SsRrwgpmnwrg4HljRUXU=",
      "requires": {
        "detect-hover": "^1.0.2",
        "detect-passive-events": "^1.0.4",
        "detect-pointer": "^1.0.2",
        "detect-touch-events": "^2.0.1"
      }
    },
    "detect-passive-events": {
      "version": "1.0.4",
      "resolved": "https://registry.npmjs.org/detect-passive-events/-/detect-passive-events-1.0.4.tgz",
      "integrity": "sha1-btR35uW863kHlzXc01d4nTf5qRo="
    },
    "detect-pointer": {
      "version": "1.0.2",
      "resolved": "https://registry.npmjs.org/detect-pointer/-/detect-pointer-1.0.2.tgz",
      "integrity": "sha1-Hg5OJh2rRQVcUMdPtaT/Cc6xj70="
    },
    "detect-touch-events": {
      "version": "2.0.1",
      "resolved": "https://registry.npmjs.org/detect-touch-events/-/detect-touch-events-2.0.1.tgz",
      "integrity": "sha1-NlgzzwxcQMQJCggJa4pojbAPozc="
    }
  }
}
